// !$*UTF8*$!
{
	archiveVersion = 1;
	classes = {
	};
	objectVersion = 77;
	objects = {

/* Begin PBXBuildFile section */
		2C641BE62F26EB1B00FA7A2E /* Sparkle in Frameworks */ = {isa = PBXBuildFile; productRef = 2C641BE52F26EB1B00FA7A2E /* Sparkle */; };
/* End PBXBuildFile section */

/* Begin PBXContainerItemProxy section */
		2CDD9D1A2F26D9990013D3FD /* PBXContainerItemProxy */ = {
			isa = PBXContainerItemProxy;
			containerPortal = 2CDD9D022F26D9980013D3FD /* Project object */;
			proxyType = 1;
			remoteGlobalIDString = 2CDD9D092F26D9980013D3FD;
			remoteInfo = converge;
		};
		2CDD9D242F26D9990013D3FD /* PBXContainerItemProxy */ = {
			isa = PBXContainerItemProxy;
			containerPortal = 2CDD9D022F26D9980013D3FD /* Project object */;
			proxyType = 1;
			remoteGlobalIDString = 2CDD9D092F26D9980013D3FD;
			remoteInfo = converge;
		};
/* End PBXContainerItemProxy section */

/* Begin PBXFileReference section */
		2CDD9D0A2F26D9980013D3FD /* converge.app */ = {isa = PBXFileReference; explicitFileType = wrapper.application; includeInIndex = 0; path = converge.app; sourceTree = BUILT_PRODUCTS_DIR; };
		2CDD9D192F26D9990013D3FD /* convergeTests.xctest */ = {isa = PBXFileReference; explicitFileType = wrapper.cfbundle; includeInIndex = 0; path = convergeTests.xctest; sourceTree = BUILT_PRODUCTS_DIR; };
		2CDD9D232F26D9990013D3FD /* convergeUITests.xctest */ = {isa = PBXFileReference; explicitFileType = wrapper.cfbundle; includeInIndex = 0; path = convergeUITests.xctest; sourceTree = BUILT_PRODUCTS_DIR; };
/* End PBXFileReference section */

/* Begin PBXFileSystemSynchronizedRootGroup section */
		2CDD9D0C2F26D9980013D3FD /* converge */ = {
			isa = PBXFileSystemSynchronizedRootGroup;
			path = converge;
			sourceTree = "<group>";
		};
		2CDD9D1C2F26D9990013D3FD /* convergeTests */ = {
			isa = PBXFileSystemSynchronizedRootGroup;
			path = convergeTests;
			sourceTree = "<group>";
		};
		2CDD9D262F26D9990013D3FD /* convergeUITests */ = {
			isa = PBXFileSystemSynchronizedRootGroup;
			path = convergeUITests;
			sourceTree = "<group>";
		};
/* End PBXFileSystemSynchronizedRootGroup section */

/* Begin PBXFrameworksBuildPhase section */
		2CDD9D072F26D9980013D3FD /* Frameworks */ = {
			isa = PBXFrameworksBuildPhase;
			buildActionMask = 2147483647;
			files = (
				2C641BE62F26EB1B00FA7A2E /* Sparkle in Frameworks */,
			);
			runOnlyForDeploymentPostprocessing = 0;
		};
		2CDD9D162F26D9990013D3FD /* Frameworks */ = {
			isa = PBXFrameworksBuildPhase;
			buildActionMask = 2147483647;
			files = (
			);
			runOnlyForDeploymentPostprocessing = 0;
		};
		2CDD9D202F26D9990013D3FD /* Frameworks */ = {
			isa = PBXFrameworksBuildPhase;
			buildActionMask = 2147483647;
			files = (
			);
			runOnlyForDeploymentPostprocessing = 0;
		};
/* End PBXFrameworksBuildPhase section */

/* Begin PBXGroup section */
		2CDD9D012F26D9980013D3FD = {
			isa = PBXGroup;
			children = (
				2CDD9D0C2F26D9980013D3FD /* converge */,
				2CDD9D1C2F26D9990013D3FD /* convergeTests */,
				2CDD9D262F26D9990013D3FD /* convergeUITests */,
				2CDD9D0B2F26D9980013D3FD /* Products */,
			);
			sourceTree = "<group>";
		};
		2CDD9D0B2F26D9980013D3FD /* Products */ = {
			isa = PBXGroup;
			children = (
				2CDD9D0A2F26D9980013D3FD /* converge.app */,
				2CDD9D192F26D9990013D3FD /* convergeTests.xctest */,
				2CDD9D232F26D9990013D3FD /* convergeUITests.xctest */,
			);
			name = Products;
			sourceTree = "<group>";
		};
/* End PBXGroup section */

/* Begin PBXNativeTarget section */
		2CDD9D092F26D9980013D3FD /* converge */ = {
			isa = PBXNativeTarget;
			buildConfigurationList = 2CDD9D2D2F26D9990013D3FD /* Build configuration list for PBXNativeTarget "converge" */;
			buildPhases = (
				2CDD9D062F26D9980013D3FD /* Sources */,
				2CDD9D072F26D9980013D3FD /* Frameworks */,
				2CDD9D082F26D9980013D3FD /* Resources */,
			);
			buildRules = (
			);
			dependencies = (
			);
			fileSystemSynchronizedGroups = (
				2CDD9D0C2F26D9980013D3FD /* converge */,
			);
			name = converge;
			packageProductDependencies = (
				2C641BE52F26EB1B00FA7A2E /* Sparkle */,
			);
			productName = converge;
			productReference = 2CDD9D0A2F26D9980013D3FD /* converge.app */;
			productType = "com.apple.product-type.application";
		};
		2CDD9D182F26D9990013D3FD /* convergeTests */ = {
			isa = PBXNativeTarget;
			buildConfigurationList = 2CDD9D302F26D9990013D3FD /* Build configuration list for PBXNativeTarget "convergeTests" */;
			buildPhases = (
				2CDD9D152F26D9990013D3FD /* Sources */,
				2CDD9D162F26D9990013D3FD /* Frameworks */,
				2CDD9D172F26D9990013D3FD /* Resources */,
			);
			buildRules = (
			);
			dependencies = (
				2CDD9D1B2F26D9990013D3FD /* PBXTargetDependency */,
			);
			fileSystemSynchronizedGroups = (
				2CDD9D1C2F26D9990013D3FD /* convergeTests */,
			);
			name = convergeTests;
			packageProductDependencies = (
			);
			productName = convergeTests;
			productReference = 2CDD9D192F26D9990013D3FD /* convergeTests.xctest */;
			productType = "com.apple.product-type.bundle.unit-test";
		};
		2CDD9D222F26D9990013D3FD /* convergeUITests */ = {
			isa = PBXNativeTarget;
			buildConfigurationList = 2CDD9D332F26D9990013D3FD /* Build configuration list for PBXNativeTarget "convergeUITests" */;
			buildPhases = (
				2CDD9D1F2F26D9990013D3FD /* Sources */,
				2CDD9D202F26D9990013D3FD /* Frameworks */,
				2CDD9D212F26D9990013D3FD /* Resources */,
			);
			buildRules = (
			);
			dependencies = (
				2CDD9D252F26D9990013D3FD /* PBXTargetDependency */,
			);
			fileSystemSynchronizedGroups = (
				2CDD9D262F26D9990013D3FD /* convergeUITests */,
			);
			name = convergeUITests;
			packageProductDependencies = (
			);
			productName = convergeUITests;
			productReference = 2CDD9D232F26D9990013D3FD /* convergeUITests.xctest */;
			productType = "com.apple.product-type.bundle.ui-testing";
		};
/* End PBXNativeTarget section */

/* Begin PBXProject section */
		2CDD9D022F26D9980013D3FD /* Project object */ = {
			isa = PBXProject;
			attributes = {
				BuildIndependentTargetsInParallel = 1;
				LastSwiftUpdateCheck = 2620;
				LastUpgradeCheck = 2620;
				TargetAttributes = {
					2CDD9D092F26D9980013D3FD = {
						CreatedOnToolsVersion = 26.2;
					};
					2CDD9D182F26D9990013D3FD = {
						CreatedOnToolsVersion = 26.2;
						TestTargetID = 2CDD9D092F26D9980013D3FD;
					};
					2CDD9D222F26D9990013D3FD = {
						CreatedOnToolsVersion = 26.2;
						TestTargetID = 2CDD9D092F26D9980013D3FD;
					};
				};
			};
			buildConfigurationList = 2CDD9D052F26D9980013D3FD /* Build configuration list for PBXProject "converge" */;
			developmentRegion = en;
			hasScannedForEncodings = 0;
			knownRegions = (
				en,
				Base,
			);
			mainGroup = 2CDD9D012F26D9980013D3FD;
			minimizedProjectReferenceProxies = 1;
			packageReferences = (
				2C641BE42F26EB1B00FA7A2E /* XCRemoteSwiftPackageReference "Sparkle" */,
			);
			preferredProjectObjectVersion = 77;
			productRefGroup = 2CDD9D0B2F26D9980013D3FD /* Products */;
			projectDirPath = "";
			projectRoot = "";
			targets = (
				2CDD9D092F26D9980013D3FD /* converge */,
				2CDD9D182F26D9990013D3FD /* convergeTests */,
				2CDD9D222F26D9990013D3FD /* convergeUITests */,
			);
		};
/* End PBXProject section */

/* Begin PBXResourcesBuildPhase section */
		2CDD9D082F26D9980013D3FD /* Resources */ = {
			isa = PBXResourcesBuildPhase;
			buildActionMask = 2147483647;
			files = (
			);
			runOnlyForDeploymentPostprocessing = 0;
		};
		2CDD9D172F26D9990013D3FD /* Resources */ = {
			isa = PBXResourcesBuildPhase;
			buildActionMask = 2147483647;
			files = (
			);
			runOnlyForDeploymentPostprocessing = 0;
		};
		2CDD9D212F26D9990013D3FD /* Resources */ = {
			isa = PBXResourcesBuildPhase;
			buildActionMask = 2147483647;
			files = (
			);
			runOnlyForDeploymentPostprocessing = 0;
		};
/* End PBXResourcesBuildPhase section */

/* Begin PBXSourcesBuildPhase section */
		2CDD9D062F26D9980013D3FD /* Sources */ = {
			isa = PBXSourcesBuildPhase;
			buildActionMask = 2147483647;
			files = (
			);
			runOnlyForDeploymentPostprocessing = 0;
		};
		2CDD9D152F26D9990013D3FD /* Sources */ = {
			isa = PBXSourcesBuildPhase;
			buildActionMask = 2147483647;
			files = (
			);
			runOnlyForDeploymentPostprocessing = 0;
		};
		2CDD9D1F2F26D9990013D3FD /* Sources */ = {
			isa = PBXSourcesBuildPhase;
			buildActionMask = 2147483647;
			files = (
			);
			runOnlyForDeploymentPostprocessing = 0;
		};
/* End PBXSourcesBuildPhase section */

/* Begin PBXTargetDependency section */
		2CDD9D1B2F26D9990013D3FD /* PBXTargetDependency */ = {
			isa = PBXTargetDependency;
			target = 2CDD9D092F26D9980013D3FD /* converge */;
			targetProxy = 2CDD9D1A2F26D9990013D3FD /* PBXContainerItemProxy */;
		};
		2CDD9D252F26D9990013D3FD /* PBXTargetDependency */ = {
			isa = PBXTargetDependency;
			target = 2CDD9D092F26D9980013D3FD /* converge */;
			targetProxy = 2CDD9D242F26D9990013D3FD /* PBXContainerItemProxy */;
		};
/* End PBXTargetDependency section */

/* Begin XCBuildConfiguration section */
		2CDD9D2B2F26D9990013D3FD /* Debug */ = {
			isa = XCBuildConfiguration;
			buildSettings = {
				ALWAYS_SEARCH_USER_PATHS = NO;
				ASSETCATALOG_COMPILER_GENERATE_SWIFT_ASSET_SYMBOL_EXTENSIONS = YES;
				CLANG_ANALYZER_NONNULL = YES;
				CLANG_ANALYZER_NUMBER_OBJECT_CONVERSION = YES_AGGRESSIVE;
				CLANG_CXX_LANGUAGE_STANDARD = "gnu++20";
				CLANG_ENABLE_MODULES = YES;
				CLANG_ENABLE_OBJC_ARC = YES;
				CLANG_ENABLE_OBJC_WEAK = YES;
				CLANG_WARN_BLOCK_CAPTURE_AUTORELEASING = YES;
				CLANG_WARN_BOOL_CONVERSION = YES;
				CLANG_WARN_COMMA = YES;
				CLANG_WARN_CONSTANT_CONVERSION = YES;
				CLANG_WARN_DEPRECATED_OBJC_IMPLEMENTATIONS = YES;
				CLANG_WARN_DIRECT_OBJC_ISA_USAGE = YES_ERROR;
				CLANG_WARN_DOCUMENTATION_COMMENTS = YES;
				CLANG_WARN_EMPTY_BODY = YES;
				CLANG_WARN_ENUM_CONVERSION = YES;
				CLANG_WARN_INFINITE_RECURSION = YES;
				CLANG_WARN_INT_CONVERSION = YES;
				CLANG_WARN_NON_LITERAL_NULL_CONVERSION = YES;
				CLANG_WARN_OBJC_IMPLICIT_RETAIN_SELF = YES;
				CLANG_WARN_OBJC_LITERAL_CONVERSION = YES;
				CLANG_WARN_OBJC_ROOT_CLASS = YES_ERROR;
				CLANG_WARN_QUOTED_INCLUDE_IN_FRAMEWORK_HEADER = YES;
				CLANG_WARN_RANGE_LOOP_ANALYSIS = YES;
				CLANG_WARN_STRICT_PROTOTYPES = YES;
				CLANG_WARN_SUSPICIOUS_MOVE = YES;
				CLANG_WARN_UNGUARDED_AVAILABILITY = YES_AGGRESSIVE;
				CLANG_WARN_UNREACHABLE_CODE = YES;
				CLANG_WARN__DUPLICATE_METHOD_MATCH = YES;
				COPY_PHASE_STRIP = NO;
				DEBUG_INFORMATION_FORMAT = dwarf;
				DEVELOPMENT_TEAM = VCF3DS6BTV;
				ENABLE_STRICT_OBJC_MSGSEND = YES;
				ENABLE_TESTABILITY = YES;
				ENABLE_USER_SCRIPT_SANDBOXING = YES;
				GCC_C_LANGUAGE_STANDARD = gnu17;
				GCC_DYNAMIC_NO_PIC = NO;
				GCC_NO_COMMON_BLOCKS = YES;
				GCC_OPTIMIZATION_LEVEL = 0;
				GCC_PREPROCESSOR_DEFINITIONS = (
					"DEBUG=1",
					"$(inherited)",
				);
				GCC_WARN_64_TO_32_BIT_CONVERSION = YES;
				GCC_WARN_ABOUT_RETURN_TYPE = YES_ERROR;
				GCC_WARN_UNDECLARED_SELECTOR = YES;
				GCC_WARN_UNINITIALIZED_AUTOS = YES_AGGRESSIVE;
				GCC_WARN_UNUSED_FUNCTION = YES;
				GCC_WARN_UNUSED_VARIABLE = YES;
				LOCALIZATION_PREFERS_STRING_CATALOGS = YES;
				MACOSX_DEPLOYMENT_TARGET = 26.2;
				MTL_ENABLE_DEBUG_INFO = INCLUDE_SOURCE;
				MTL_FAST_MATH = YES;
				ONLY_ACTIVE_ARCH = YES;
				SDKROOT = macosx;
				SWIFT_ACTIVE_COMPILATION_CONDITIONS = "DEBUG $(inherited)";
				SWIFT_OPTIMIZATION_LEVEL = "-Onone";
			};
			name = Debug;
		};
		2CDD9D2C2F26D9990013D3FD /* Release */ = {
			isa = XCBuildConfiguration;
			buildSettings = {
				ALWAYS_SEARCH_USER_PATHS = NO;
				ASSETCATALOG_COMPILER_GENERATE_SWIFT_ASSET_SYMBOL_EXTENSIONS = YES;
				CLANG_ANALYZER_NONNULL = YES;
				CLANG_ANALYZER_NUMBER_OBJECT_CONVERSION = YES_AGGRESSIVE;
				CLANG_CXX_LANGUAGE_STANDARD = "gnu++20";
				CLANG_ENABLE_MODULES = YES;
				CLANG_ENABLE_OBJC_ARC = YES;
				CLANG_ENABLE_OBJC_WEAK = YES;
				CLANG_WARN_BLOCK_CAPTURE_AUTORELEASING = YES;
				CLANG_WARN_BOOL_CONVERSION = YES;
				CLANG_WARN_COMMA = YES;
				CLANG_WARN_CONSTANT_CONVERSION = YES;
				CLANG_WARN_DEPRECATED_OBJC_IMPLEMENTATIONS = YES;
				CLANG_WARN_DIRECT_OBJC_ISA_USAGE = YES_ERROR;
				CLANG_WARN_DOCUMENTATION_COMMENTS = YES;
				CLANG_WARN_EMPTY_BODY = YES;
				CLANG_WARN_ENUM_CONVERSION = YES;
				CLANG_WARN_INFINITE_RECURSION = YES;
				CLANG_WARN_INT_CONVERSION = YES;
				CLANG_WARN_NON_LITERAL_NULL_CONVERSION = YES;
				CLANG_WARN_OBJC_IMPLICIT_RETAIN_SELF = YES;
				CLANG_WARN_OBJC_LITERAL_CONVERSION = YES;
				CLANG_WARN_OBJC_ROOT_CLASS = YES_ERROR;
				CLANG_WARN_QUOTED_INCLUDE_IN_FRAMEWORK_HEADER = YES;
				CLANG_WARN_RANGE_LOOP_ANALYSIS = YES;
				CLANG_WARN_STRICT_PROTOTYPES = YES;
				CLANG_WARN_SUSPICIOUS_MOVE = YES;
				CLANG_WARN_UNGUARDED_AVAILABILITY = YES_AGGRESSIVE;
				CLANG_WARN_UNREACHABLE_CODE = YES;
				CLANG_WARN__DUPLICATE_METHOD_MATCH = YES;
				COPY_PHASE_STRIP = NO;
				DEBUG_INFORMATION_FORMAT = "dwarf-with-dsym";
				DEVELOPMENT_TEAM = VCF3DS6BTV;
				ENABLE_NS_ASSERTIONS = NO;
				ENABLE_STRICT_OBJC_MSGSEND = YES;
				ENABLE_USER_SCRIPT_SANDBOXING = YES;
				GCC_C_LANGUAGE_STANDARD = gnu17;
				GCC_NO_COMMON_BLOCKS = YES;
				GCC_WARN_64_TO_32_BIT_CONVERSION = YES;
				GCC_WARN_ABOUT_RETURN_TYPE = YES_ERROR;
				GCC_WARN_UNDECLARED_SELECTOR = YES;
				GCC_WARN_UNINITIALIZED_AUTOS = YES_AGGRESSIVE;
				GCC_WARN_UNUSED_FUNCTION = YES;
				GCC_WARN_UNUSED_VARIABLE = YES;
				LOCALIZATION_PREFERS_STRING_CATALOGS = YES;
				MACOSX_DEPLOYMENT_TARGET = 26.2;
				MTL_ENABLE_DEBUG_INFO = NO;
				MTL_FAST_MATH = YES;
				SDKROOT = macosx;
				SWIFT_COMPILATION_MODE = wholemodule;
			};
			name = Release;
		};
		2CDD9D2E2F26D9990013D3FD /* Debug */ = {
			isa = XCBuildConfiguration;
			buildSettings = {
				ASSETCATALOG_COMPILER_APPICON_NAME = AppIcon;
				ASSETCATALOG_COMPILER_GLOBAL_ACCENT_COLOR_NAME = AccentColor;
				CODE_SIGN_ENTITLEMENTS = converge/Converge.entitlements;
				CODE_SIGN_STYLE = Automatic;
				COMBINE_HIDPI_IMAGES = YES;
				CURRENT_PROJECT_VERSION = 1;
				DEVELOPMENT_TEAM = VCF3DS6BTV;
				ENABLE_APP_SANDBOX = YES;
				ENABLE_HARDENED_RUNTIME = YES;
				ENABLE_PREVIEWS = YES;
				ENABLE_USER_SELECTED_FILES = readonly;
				GENERATE_INFOPLIST_FILE = YES;
				INFOPLIST_KEY_CFBundleDisplayName = Converge;
				INFOPLIST_KEY_LSApplicationCategoryType = "public.app-category.utilities";
				INFOPLIST_KEY_NSHumanReadableCopyright = "";
				INFOPLIST_KEY_SUFeedURL = "https://rckbrcls.github.io/converge/appcast.xml";
				INFOPLIST_KEY_SUPublicEDKey = "c3jKYVWrrjNacKjLqspxj/rlbVeDt13eC+lH4Cc5inU=";
				LD_RUNPATH_SEARCH_PATHS = (
					"$(inherited)",
					"@executable_path/../Frameworks",
				);
				MACOSX_DEPLOYMENT_TARGET = 26.0;
				MARKETING_VERSION = 1.0;
				PRODUCT_BUNDLE_IDENTIFIER = polterware.converge;
				PRODUCT_NAME = "$(TARGET_NAME)";
				REGISTER_APP_GROUPS = YES;
				STRING_CATALOG_GENERATE_SYMBOLS = YES;
				SWIFT_APPROACHABLE_CONCURRENCY = YES;
				SWIFT_DEFAULT_ACTOR_ISOLATION = MainActor;
				SWIFT_EMIT_LOC_STRINGS = YES;
				SWIFT_UPCOMING_FEATURE_MEMBER_IMPORT_VISIBILITY = YES;
				SWIFT_VERSION = 5.0;
			};
			name = Debug;
		};
		2CDD9D2F2F26D9990013D3FD /* Release */ = {
			isa = XCBuildConfiguration;
			buildSettings = {
				ARCHS = (
					arm64,
					x86_64,
				);
				ASSETCATALOG_COMPILER_APPICON_NAME = AppIcon;
				ASSETCATALOG_COMPILER_GLOBAL_ACCENT_COLOR_NAME = AccentColor;
				CODE_SIGN_ENTITLEMENTS = converge/Converge.entitlements;
				CODE_SIGN_STYLE = Automatic;
				COMBINE_HIDPI_IMAGES = YES;
				CURRENT_PROJECT_VERSION = 1;
				DEVELOPMENT_TEAM = VCF3DS6BTV;
				ENABLE_APP_SANDBOX = YES;
				ENABLE_HARDENED_RUNTIME = YES;
				ENABLE_PREVIEWS = YES;
				ENABLE_USER_SELECTED_FILES = readonly;
				GENERATE_INFOPLIST_FILE = YES;
				INFOPLIST_KEY_CFBundleDisplayName = Converge;
				INFOPLIST_KEY_LSApplicationCategoryType = "public.app-category.utilities";
				INFOPLIST_KEY_NSHumanReadableCopyright = "";
				INFOPLIST_KEY_SUFeedURL = "https://rckbrcls.github.io/converge/appcast.xml";
				INFOPLIST_KEY_SUPublicEDKey = "c3jKYVWrrjNacKjLqspxj/rlbVeDt13eC+lH4Cc5inU=";
				LD_RUNPATH_SEARCH_PATHS = (
					"$(inherited)",
					"@executable_path/../Frameworks",
				);
				MACOSX_DEPLOYMENT_TARGET = 26.0;
				MARKETING_VERSION = 1.0;
				PRODUCT_BUNDLE_IDENTIFIER = polterware.converge;
				PRODUCT_NAME = "$(TARGET_NAME)";
				REGISTER_APP_GROUPS = YES;
				STRING_CATALOG_GENERATE_SYMBOLS = YES;
				SWIFT_APPROACHABLE_CONCURRENCY = YES;
				SWIFT_DEFAULT_ACTOR_ISOLATION = MainActor;
				SWIFT_EMIT_LOC_STRINGS = YES;
				SWIFT_UPCOMING_FEATURE_MEMBER_IMPORT_VISIBILITY = YES;
				SWIFT_VERSION = 5.0;
			};
			name = Release;
		};
		2CDD9D312F26D9990013D3FD /* Debug */ = {
			isa = XCBuildConfiguration;
			buildSettings = {
				BUNDLE_LOADER = "$(TEST_HOST)";
				CODE_SIGN_STYLE = Automatic;
				CURRENT_PROJECT_VERSION = 1;
				DEVELOPMENT_TEAM = VCF3DS6BTV;
				GENERATE_INFOPLIST_FILE = YES;
				MACOSX_DEPLOYMENT_TARGET = 26.2;
				MARKETING_VERSION = 1.0;
				PRODUCT_BUNDLE_IDENTIFIER = polterware.convergeTests;
				PRODUCT_NAME = "$(TARGET_NAME)";
				STRING_CATALOG_GENERATE_SYMBOLS = NO;
				SWIFT_APPROACHABLE_CONCURRENCY = YES;
				SWIFT_EMIT_LOC_STRINGS = NO;
				SWIFT_UPCOMING_FEATURE_MEMBER_IMPORT_VISIBILITY = YES;
				SWIFT_VERSION = 5.0;
				TEST_HOST = "$(BUILT_PRODUCTS_DIR)/converge.app/$(BUNDLE_EXECUTABLE_FOLDER_PATH)/converge";
			};
			name = Debug;
		};
		2CDD9D322F26D9990013D3FD /* Release */ = {
			isa = XCBuildConfiguration;
			buildSettings = {
				BUNDLE_LOADER = "$(TEST_HOST)";
				CODE_SIGN_STYLE = Automatic;
				CURRENT_PROJECT_VERSION = 1;
				DEVELOPMENT_TEAM = VCF3DS6BTV;
				GENERATE_INFOPLIST_FILE = YES;
				MACOSX_DEPLOYMENT_TARGET = 26.2;
				MARKETING_VERSION = 1.0;
				PRODUCT_BUNDLE_IDENTIFIER = polterware.convergeTests;
				PRODUCT_NAME = "$(TARGET_NAME)";
				STRING_CATALOG_GENERATE_SYMBOLS = NO;
				SWIFT_APPROACHABLE_CONCURRENCY = YES;
				SWIFT_EMIT_LOC_STRINGS = NO;
				SWIFT_UPCOMING_FEATURE_MEMBER_IMPORT_VISIBILITY = YES;
				SWIFT_VERSION = 5.0;
				TEST_HOST = "$(BUILT_PRODUCTS_DIR)/converge.app/$(BUNDLE_EXECUTABLE_FOLDER_PATH)/converge";
			};
			name = Release;
		};
		2CDD9D342F26D9990013D3FD /* Debug */ = {
			isa = XCBuildConfiguration;
			buildSettings = {
				CODE_SIGN_STYLE = Automatic;
				CURRENT_PROJECT_VERSION = 1;
				DEVELOPMENT_TEAM = VCF3DS6BTV;
				GENERATE_INFOPLIST_FILE = YES;
				MARKETING_VERSION = 1.0;
				PRODUCT_BUNDLE_IDENTIFIER = polterware.convergeUITests;
				PRODUCT_NAME = "$(TARGET_NAME)";
				STRING_CATALOG_GENERATE_SYMBOLS = NO;
				SWIFT_APPROACHABLE_CONCURRENCY = YES;
				SWIFT_EMIT_LOC_STRINGS = NO;
				SWIFT_UPCOMING_FEATURE_MEMBER_IMPORT_VISIBILITY = YES;
				SWIFT_VERSION = 5.0;
				TEST_TARGET_NAME = converge;
			};
			name = Debug;
		};
		2CDD9D352F26D9990013D3FD /* Release */ = {
			isa = XCBuildConfiguration;
			buildSettings = {
				CODE_SIGN_STYLE = Automatic;
				CURRENT_PROJECT_VERSION = 1;
				DEVELOPMENT_TEAM = VCF3DS6BTV;
				GENERATE_INFOPLIST_FILE = YES;
				MARKETING_VERSION = 1.0;
				PRODUCT_BUNDLE_IDENTIFIER = polterware.convergeUITests;
				PRODUCT_NAME = "$(TARGET_NAME)";
				STRING_CATALOG_GENERATE_SYMBOLS = NO;
				SWIFT_APPROACHABLE_CONCURRENCY = YES;
				SWIFT_EMIT_LOC_STRINGS = NO;
				SWIFT_UPCOMING_FEATURE_MEMBER_IMPORT_VISIBILITY = YES;
				SWIFT_VERSION = 5.0;
				TEST_TARGET_NAME = converge;
			};
			name = Release;
		};
/* End XCBuildConfiguration section */

/* Begin XCConfigurationList section */
		2CDD9D052F26D9980013D3FD /* Build configuration list for PBXProject "converge" */ = {
			isa = XCConfigurationList;
			buildConfigurations = (
				2CDD9D2B2F26D9990013D3FD /* Debug */,
				2CDD9D2C2F26D9990013D3FD /* Release */,
			);
			defaultConfigurationIsVisible = 0;
			defaultConfigurationName = Release;
		};
		2CDD9D2D2F26D9990013D3FD /* Build configuration list for PBXNativeTarget "converge" */ = {
			isa = XCConfigurationList;
			buildConfigurations = (
				2CDD9D2E2F26D9990013D3FD /* Debug */,
				2CDD9D2F2F26D9990013D3FD /* Release */,
			);
			defaultConfigurationIsVisible = 0;
			defaultConfigurationName = Release;
		};
		2CDD9D302F26D9990013D3FD /* Build configuration list for PBXNativeTarget "convergeTests" */ = {
			isa = XCConfigurationList;
			buildConfigurations = (
				2CDD9D312F26D9990013D3FD /* Debug */,
				2CDD9D322F26D9990013D3FD /* Release */,
			);
			defaultConfigurationIsVisible = 0;
			defaultConfigurationName = Release;
		};
		2CDD9D332F26D9990013D3FD /* Build configuration list for PBXNativeTarget "convergeUITests" */ = {
			isa = XCConfigurationList;
			buildConfigurations = (
				2CDD9D342F26D9990013D3FD /* Debug */,
				2CDD9D352F26D9990013D3FD /* Release */,
			);
			defaultConfigurationIsVisible = 0;
			defaultConfigurationName = Release;
		};
/* End XCConfigurationList section */

/* Begin XCRemoteSwiftPackageReference section */
		2C641BE42F26EB1B00FA7A2E /* XCRemoteSwiftPackageReference "Sparkle" */ = {
			isa = XCRemoteSwiftPackageReference;
			repositoryURL = "https://github.com/sparkle-project/Sparkle";
			requirement = {
				kind = upToNextMajorVersion;
				minimumVersion = 2.8.1;
			};
		};
/* End XCRemoteSwiftPackageReference section */

/* Begin XCSwiftPackageProductDependency section */
		2C641BE52F26EB1B00FA7A2E /* Sparkle */ = {
			isa = XCSwiftPackageProductDependency;
			package = 2C641BE42F26EB1B00FA7A2E /* XCRemoteSwiftPackageReference "Sparkle" */;
			productName = Sparkle;
		};
/* End XCSwiftPackageProductDependency section */
	};
	rootObject = 2CDD9D022F26D9980013D3FD /* Project object */;
}
